
Microsoft Visual Studio Solution File, Format Version 12.00
# Visual Studio Version 17
VisualStudioVersion = 17.9.34723.18
MinimumVisualStudioVersion = 10.0.40219.1
Project("{9A19103F-16F7-4668-BE54-9A1E7A4F7556}") = "EmployeeMangement", "EmployeeMangement.csproj", "{9BB094A3-E2BC-4CF2-94FD-B2BA70A11ADE}"
EndProject
Global
	GlobalSection(SolutionConfigurationPlatforms) = preSolution
		Debug|Any CPU = Debug|Any CPU
		Release|Any CPU = Release|Any CPU
	EndGlobalSection
	GlobalSection(ProjectConfigurationPlatforms) = postSolution
		{9BB094A3-E2BC-4CF2-94FD-B2BA70A11ADE}.Debug|Any CPU.ActiveCfg = Debug|Any CPU
		{9BB094A3-E2BC-4CF2-94FD-B2BA70A11ADE}.Debug|Any CPU.Build.0 = Debug|Any CPU
		{9BB094A3-E2BC-4CF2-94FD-B2BA70A11ADE}.Release|Any CPU.ActiveCfg = Release|Any CPU
		{9BB094A3-E2BC-4CF2-94FD-B2BA70A11ADE}.Release|Any CPU.Build.0 = Release|Any CPU
	EndGlobalSection
	GlobalSection(SolutionProperties) = preSolution
		HideSolutionNode = FALSE
	EndGlobalSection
	GlobalSection(ExtensibilityGlobals) = postSolution
		SolutionGuid = {CCF6CDA2-1073-4A9B-B892-5C96703BDDC3}
	EndGlobalSection
EndGlobal
